
Microsoft Visual Studio Solution File, Format Version 12.00
# Visual Studio Version 17
VisualStudioVersion = 17.4.33213.308
MinimumVisualStudioVersion = 10.0.40219.1
Project("{9A19103F-16F7-4668-BE54-9A1E7A4F7556}") = "RoboLynx.Umbraco.QRCodeGenerator", "RoboLynx.Umbraco.QRCodeGenerator\RoboLynx.Umbraco.QRCodeGenerator.csproj", "{17E10903-E0AD-4E6D-AD72-CF706195A149}"
EndProject
Project("{9A19103F-16F7-4668-BE54-9A1E7A4F7556}") = "RoboLynx.Umbraco.QRCodeGenerator.Tests", "RoboLynx.Umbraco.QRCodeGenerator.Tests\RoboLynx.Umbraco.QRCodeGenerator.Tests.csproj", "{2197DDA9-19C2-4738-8B2C-31C140673847}"
EndProject
Project("{2150E333-8FDC-42A3-9474-1A3956D46DE8}") = "Solution Items", "Solution Items", "{0DB16C92-AB9C-46DD-A45D-0E3C9B8B278B}"
	ProjectSection(SolutionItems) = preProject
		..\build\azure-pipelines.yml = ..\build\azure-pipelines.yml
		..\CHANGELOG.md = ..\CHANGELOG.md
		..\build\GitVersion.yml = ..\build\GitVersion.yml
		..\build\package.xml = ..\build\package.xml
		..\build\ProjectReferenceVersion.targets = ..\build\ProjectReferenceVersion.targets
		..\readme.md = ..\readme.md
		..\umbraco-marketplace.json = ..\umbraco-marketplace.json
	EndProjectSection
EndProject
Project("{9A19103F-16F7-4668-BE54-9A1E7A4F7556}") = "RoboLynx.Umbraco.QRCodeGenerator.Core", "RoboLynx.Umbraco.QRCodeGenerator.Core\RoboLynx.Umbraco.QRCodeGenerator.Core.csproj", "{4415FA73-5D82-4819-AAB6-4F310A3D1AB7}"
EndProject
Project("{9A19103F-16F7-4668-BE54-9A1E7A4F7556}") = "RoboLynx.Umbraco.QRCodeGenerator.Frontend", "RoboLynx.Umbraco.QRCodeGenerator.Frontend\RoboLynx.Umbraco.QRCodeGenerator.Frontend.csproj", "{73281C81-3D8C-4006-AA0D-F8571723D820}"
EndProject
Project("{2150E333-8FDC-42A3-9474-1A3956D46DE8}") = "doc", "doc", "{30C4EFCA-D805-4880-9D29-DDDCEDB2119B}"
	ProjectSection(SolutionItems) = preProject
		..\doc\Create a custom format.md = ..\doc\Create a custom format.md
	EndProjectSection
EndProject
Project("{9A19103F-16F7-4668-BE54-9A1E7A4F7556}") = "RoboLynx.Umbraco.QRCodeGenerator.Core.ImageSharp", "RoboLynx.Umbraco.QRCodeGenerator.Core.ImageSharp\RoboLynx.Umbraco.QRCodeGenerator.Core.ImageSharp.csproj", "{5E7159E2-5DBD-459A-9B97-089ACDC97DC5}"
EndProject
Project("{9A19103F-16F7-4668-BE54-9A1E7A4F7556}") = "RoboLynx.Umbraco.QRCodeGenerator.Core.ImageSharp2", "RoboLynx.Umbraco.QRCodeGenerator.Core.ImageSharp2\RoboLynx.Umbraco.QRCodeGenerator.Core.ImageSharp2.csproj", "{CCD30C47-E02F-4721-9C97-123116392325}"
EndProject
Global
	GlobalSection(SolutionConfigurationPlatforms) = preSolution
		Debug|Any CPU = Debug|Any CPU
		Release|Any CPU = Release|Any CPU
	EndGlobalSection
	GlobalSection(ProjectConfigurationPlatforms) = postSolution
		{17E10903-E0AD-4E6D-AD72-CF706195A149}.Debug|Any CPU.ActiveCfg = Debug|Any CPU
		{17E10903-E0AD-4E6D-AD72-CF706195A149}.Debug|Any CPU.Build.0 = Debug|Any CPU
		{17E10903-E0AD-4E6D-AD72-CF706195A149}.Release|Any CPU.ActiveCfg = Release|Any CPU
		{17E10903-E0AD-4E6D-AD72-CF706195A149}.Release|Any CPU.Build.0 = Release|Any CPU
		{2197DDA9-19C2-4738-8B2C-31C140673847}.Debug|Any CPU.ActiveCfg = Debug|Any CPU
		{2197DDA9-19C2-4738-8B2C-31C140673847}.Debug|Any CPU.Build.0 = Debug|Any CPU
		{2197DDA9-19C2-4738-8B2C-31C140673847}.Release|Any CPU.ActiveCfg = Release|Any CPU
		{2197DDA9-19C2-4738-8B2C-31C140673847}.Release|Any CPU.Build.0 = Release|Any CPU
		{4415FA73-5D82-4819-AAB6-4F310A3D1AB7}.Debug|Any CPU.ActiveCfg = Debug|Any CPU
		{4415FA73-5D82-4819-AAB6-4F310A3D1AB7}.Debug|Any CPU.Build.0 = Debug|Any CPU
		{4415FA73-5D82-4819-AAB6-4F310A3D1AB7}.Release|Any CPU.ActiveCfg = Release|Any CPU
		{4415FA73-5D82-4819-AAB6-4F310A3D1AB7}.Release|Any CPU.Build.0 = Release|Any CPU
		{73281C81-3D8C-4006-AA0D-F8571723D820}.Debug|Any CPU.ActiveCfg = Debug|Any CPU
		{73281C81-3D8C-4006-AA0D-F8571723D820}.Debug|Any CPU.Build.0 = Debug|Any CPU
		{73281C81-3D8C-4006-AA0D-F8571723D820}.Release|Any CPU.ActiveCfg = Release|Any CPU
		{73281C81-3D8C-4006-AA0D-F8571723D820}.Release|Any CPU.Build.0 = Release|Any CPU
		{5E7159E2-5DBD-459A-9B97-089ACDC97DC5}.Debug|Any CPU.ActiveCfg = Debug|Any CPU
		{5E7159E2-5DBD-459A-9B97-089ACDC97DC5}.Debug|Any CPU.Build.0 = Debug|Any CPU
		{5E7159E2-5DBD-459A-9B97-089ACDC97DC5}.Release|Any CPU.ActiveCfg = Release|Any CPU
		{5E7159E2-5DBD-459A-9B97-089ACDC97DC5}.Release|Any CPU.Build.0 = Release|Any CPU
		{CCD30C47-E02F-4721-9C97-123116392325}.Debug|Any CPU.ActiveCfg = Debug|Any CPU
		{CCD30C47-E02F-4721-9C97-123116392325}.Debug|Any CPU.Build.0 = Debug|Any CPU
		{CCD30C47-E02F-4721-9C97-123116392325}.Release|Any CPU.ActiveCfg = Release|Any CPU
		{CCD30C47-E02F-4721-9C97-123116392325}.Release|Any CPU.Build.0 = Release|Any CPU
	EndGlobalSection
	GlobalSection(SolutionProperties) = preSolution
		HideSolutionNode = FALSE
	EndGlobalSection
	GlobalSection(NestedProjects) = preSolution
		{30C4EFCA-D805-4880-9D29-DDDCEDB2119B} = {0DB16C92-AB9C-46DD-A45D-0E3C9B8B278B}
	EndGlobalSection
	GlobalSection(ExtensibilityGlobals) = postSolution
		SolutionGuid = {E126F21B-3EBC-4024-9F39-204C97B20B01}
	EndGlobalSection
EndGlobal
