
Microsoft Visual Studio Solution File, Format Version 12.00
# Visual Studio Version 16
VisualStudioVersion = 16.0.30523.141
MinimumVisualStudioVersion = 10.0.40219.1
Project("{9A19103F-16F7-4668-BE54-9A1E7A4F7556}") = "RoboLynx.Umbraco.QRCodeGenerator", "RoboLynx.Umbraco.QRCodeGenerator\RoboLynx.Umbraco.QRCodeGenerator.csproj", "{17E10903-E0AD-4E6D-AD72-CF706195A149}"
EndProject
Project("{9A19103F-16F7-4668-BE54-9A1E7A4F7556}") = "RoboLynx.Umbraco.QRCodeGenerator.Tests", "RoboLynx.Umbraco.QRCodeGenerator.Tests\RoboLynx.Umbraco.QRCodeGenerator.Tests.csproj", "{2197DDA9-19C2-4738-8B2C-31C140673847}"
EndProject
Project("{2150E333-8FDC-42A3-9474-1A3956D46DE8}") = "Solution Items", "Solution Items", "{0DB16C92-AB9C-46DD-A45D-0E3C9B8B278B}"
	ProjectSection(SolutionItems) = preProject
		..\CHANGELOG.md = ..\CHANGELOG.md
		package.xml = package.xml
		..\readme.md = ..\readme.md
	EndProjectSection
EndProject
Project("{9A19103F-16F7-4668-BE54-9A1E7A4F7556}") = "RoboLynx.Umbraco.QRCodeGenerator.Core", "RoboLynx.Umbraco.QRCodeGenerator.Core\RoboLynx.Umbraco.QRCodeGenerator.Core.csproj", "{4415FA73-5D82-4819-AAB6-4F310A3D1AB7}"
EndProject
Project("{9A19103F-16F7-4668-BE54-9A1E7A4F7556}") = "RoboLynx.Umbraco.QRCodeGenerator.Cache", "RoboLynx.Umbraco.QRCodeGenerator.Cache\RoboLynx.Umbraco.QRCodeGenerator.Cache.csproj", "{ED2DDE35-3BE8-432D-B8C8-06A0C39439CB}"
EndProject
Project("{9A19103F-16F7-4668-BE54-9A1E7A4F7556}") = "RoboLynx.Umbraco.QRCodeGenerator.Frontend", "RoboLynx.Umbraco.QRCodeGenerator.Frontend\RoboLynx.Umbraco.QRCodeGenerator.Frontend.csproj", "{73281C81-3D8C-4006-AA0D-F8571723D820}"
EndProject
Project("{9A19103F-16F7-4668-BE54-9A1E7A4F7556}") = "RoboLynx.Umbraco.QRCodeGenerator.Frontend.Cache.Local", "RoboLynx.Umbraco.QRCodeGenerator.Frontend.Cache.Local\RoboLynx.Umbraco.QRCodeGenerator.Frontend.Cache.Local.csproj", "{D818CC87-DBFD-4EBD-92C5-9CBD535B49A8}"
EndProject
Project("{FAE04EC0-301F-11D3-BF4B-00C04F79EFBC}") = "RoboLynx.Umbraco.QRCodeGenerator.Cache.Local", "RoboLynx.Umbraco.QRCodeGenerator.Cache.Local\RoboLynx.Umbraco.QRCodeGenerator.Cache.Local.csproj", "{ACDC41CD-8B8A-413F-B290-CDA6B31D5B0D}"
EndProject
Global
	GlobalSection(SolutionConfigurationPlatforms) = preSolution
		Debug|Any CPU = Debug|Any CPU
		Release|Any CPU = Release|Any CPU
	EndGlobalSection
	GlobalSection(ProjectConfigurationPlatforms) = postSolution
		{17E10903-E0AD-4E6D-AD72-CF706195A149}.Debug|Any CPU.ActiveCfg = Debug|Any CPU
		{17E10903-E0AD-4E6D-AD72-CF706195A149}.Debug|Any CPU.Build.0 = Debug|Any CPU
		{17E10903-E0AD-4E6D-AD72-CF706195A149}.Release|Any CPU.ActiveCfg = Release|Any CPU
		{17E10903-E0AD-4E6D-AD72-CF706195A149}.Release|Any CPU.Build.0 = Release|Any CPU
		{2197DDA9-19C2-4738-8B2C-31C140673847}.Debug|Any CPU.ActiveCfg = Debug|Any CPU
		{2197DDA9-19C2-4738-8B2C-31C140673847}.Debug|Any CPU.Build.0 = Debug|Any CPU
		{2197DDA9-19C2-4738-8B2C-31C140673847}.Release|Any CPU.ActiveCfg = Release|Any CPU
		{2197DDA9-19C2-4738-8B2C-31C140673847}.Release|Any CPU.Build.0 = Release|Any CPU
		{4415FA73-5D82-4819-AAB6-4F310A3D1AB7}.Debug|Any CPU.ActiveCfg = Debug|Any CPU
		{4415FA73-5D82-4819-AAB6-4F310A3D1AB7}.Debug|Any CPU.Build.0 = Debug|Any CPU
		{4415FA73-5D82-4819-AAB6-4F310A3D1AB7}.Release|Any CPU.ActiveCfg = Release|Any CPU
		{4415FA73-5D82-4819-AAB6-4F310A3D1AB7}.Release|Any CPU.Build.0 = Release|Any CPU
		{ED2DDE35-3BE8-432D-B8C8-06A0C39439CB}.Debug|Any CPU.ActiveCfg = Debug|Any CPU
		{ED2DDE35-3BE8-432D-B8C8-06A0C39439CB}.Debug|Any CPU.Build.0 = Debug|Any CPU
		{ED2DDE35-3BE8-432D-B8C8-06A0C39439CB}.Release|Any CPU.ActiveCfg = Release|Any CPU
		{ED2DDE35-3BE8-432D-B8C8-06A0C39439CB}.Release|Any CPU.Build.0 = Release|Any CPU
		{73281C81-3D8C-4006-AA0D-F8571723D820}.Debug|Any CPU.ActiveCfg = Debug|Any CPU
		{73281C81-3D8C-4006-AA0D-F8571723D820}.Debug|Any CPU.Build.0 = Debug|Any CPU
		{73281C81-3D8C-4006-AA0D-F8571723D820}.Release|Any CPU.ActiveCfg = Release|Any CPU
		{73281C81-3D8C-4006-AA0D-F8571723D820}.Release|Any CPU.Build.0 = Release|Any CPU
		{D818CC87-DBFD-4EBD-92C5-9CBD535B49A8}.Debug|Any CPU.ActiveCfg = Debug|Any CPU
		{D818CC87-DBFD-4EBD-92C5-9CBD535B49A8}.Debug|Any CPU.Build.0 = Debug|Any CPU
		{D818CC87-DBFD-4EBD-92C5-9CBD535B49A8}.Release|Any CPU.ActiveCfg = Release|Any CPU
		{D818CC87-DBFD-4EBD-92C5-9CBD535B49A8}.Release|Any CPU.Build.0 = Release|Any CPU
		{ACDC41CD-8B8A-413F-B290-CDA6B31D5B0D}.Debug|Any CPU.ActiveCfg = Debug|Any CPU
		{ACDC41CD-8B8A-413F-B290-CDA6B31D5B0D}.Debug|Any CPU.Build.0 = Debug|Any CPU
		{ACDC41CD-8B8A-413F-B290-CDA6B31D5B0D}.Release|Any CPU.ActiveCfg = Release|Any CPU
		{ACDC41CD-8B8A-413F-B290-CDA6B31D5B0D}.Release|Any CPU.Build.0 = Release|Any CPU
	EndGlobalSection
	GlobalSection(SolutionProperties) = preSolution
		HideSolutionNode = FALSE
	EndGlobalSection
	GlobalSection(NestedProjects) = preSolution
		{A7CD6993-17BE-4578-B598-0EDC8AEE296D} = {0DB16C92-AB9C-46DD-A45D-0E3C9B8B278B}
	EndGlobalSection
	GlobalSection(ExtensibilityGlobals) = postSolution
		SolutionGuid = {E126F21B-3EBC-4024-9F39-204C97B20B01}
	EndGlobalSection
EndGlobal
