
Microsoft Visual Studio Solution File, Format Version 12.00
# Visual Studio Version 16
VisualStudioVersion = 16.0.30523.141
MinimumVisualStudioVersion = 10.0.40219.1
Project("{9A19103F-16F7-4668-BE54-9A1E7A4F7556}") = "RoboLynx.Umbraco.QRCodeGenerator", "RoboLynx.Umbraco.QRCodeGenerator\RoboLynx.Umbraco.QRCodeGenerator.csproj", "{17E10903-E0AD-4E6D-AD72-CF706195A149}"
EndProject
Project("{9A19103F-16F7-4668-BE54-9A1E7A4F7556}") = "RoboLynx.Umbraco.QRCodeGenerator.Core", "RoboLynx.Umbraco.QRCodeGenerator.Core\RoboLynx.Umbraco.QRCodeGenerator.Core.csproj", "{C589803E-BDE8-441D-A057-4EF1EDA3E527}"
EndProject
Project("{2150E333-8FDC-42A3-9474-1A3956D46DE8}") = "Solution Items", "Solution Items", "{E200F5E3-967E-4A7E-9171-F48AFA1F406F}"
	ProjectSection(SolutionItems) = preProject
		GitVersion.yml = GitVersion.yml
		package.xml = package.xml
		..\readme.md = ..\readme.md
	EndProjectSection
EndProject
Project("{9A19103F-16F7-4668-BE54-9A1E7A4F7556}") = "RoboLynx.Umbraco.QRCodeGenerator.Tests", "RoboLynx.Umbraco.QRCodeGenerator.Tests\RoboLynx.Umbraco.QRCodeGenerator.Tests.csproj", "{AE06669D-AB62-4926-A519-2C882DD77185}"
EndProject
Global
	GlobalSection(SolutionConfigurationPlatforms) = preSolution
		Debug|Any CPU = Debug|Any CPU
		Release|Any CPU = Release|Any CPU
	EndGlobalSection
	GlobalSection(ProjectConfigurationPlatforms) = postSolution
		{17E10903-E0AD-4E6D-AD72-CF706195A149}.Debug|Any CPU.ActiveCfg = Debug|Any CPU
		{17E10903-E0AD-4E6D-AD72-CF706195A149}.Debug|Any CPU.Build.0 = Debug|Any CPU
		{17E10903-E0AD-4E6D-AD72-CF706195A149}.Release|Any CPU.ActiveCfg = Release|Any CPU
		{17E10903-E0AD-4E6D-AD72-CF706195A149}.Release|Any CPU.Build.0 = Release|Any CPU
		{C589803E-BDE8-441D-A057-4EF1EDA3E527}.Debug|Any CPU.ActiveCfg = Debug|Any CPU
		{C589803E-BDE8-441D-A057-4EF1EDA3E527}.Debug|Any CPU.Build.0 = Debug|Any CPU
		{C589803E-BDE8-441D-A057-4EF1EDA3E527}.Release|Any CPU.ActiveCfg = Release|Any CPU
		{C589803E-BDE8-441D-A057-4EF1EDA3E527}.Release|Any CPU.Build.0 = Release|Any CPU
		{AE06669D-AB62-4926-A519-2C882DD77185}.Debug|Any CPU.ActiveCfg = Debug|Any CPU
		{AE06669D-AB62-4926-A519-2C882DD77185}.Debug|Any CPU.Build.0 = Debug|Any CPU
		{AE06669D-AB62-4926-A519-2C882DD77185}.Release|Any CPU.ActiveCfg = Release|Any CPU
		{AE06669D-AB62-4926-A519-2C882DD77185}.Release|Any CPU.Build.0 = Release|Any CPU
	EndGlobalSection
	GlobalSection(SolutionProperties) = preSolution
		HideSolutionNode = FALSE
	EndGlobalSection
	GlobalSection(ExtensibilityGlobals) = postSolution
		SolutionGuid = {E126F21B-3EBC-4024-9F39-204C97B20B01}
	EndGlobalSection
EndGlobal
